// !$*UTF8*$!
{
	archiveVersion = 1;
	classes = {
	};
	objectVersion = 50;
	objects = {

/* Begin PBXBuildFile section */
		9B4B3A9424F382A500F67A2D /* AppDelegate.m in Sources */ = {isa = PBXBuildFile; fileRef = 9B4B3A9324F382A500F67A2D /* AppDelegate.m */; };
		9B4B3A9D24F382A500F67A2D /* Main.storyboard in Resources */ = {isa = PBXBuildFile; fileRef = 9B4B3A9B24F382A500F67A2D /* Main.storyboard */; };
		9B4B3A9F24F382A900F67A2D /* Assets.xcassets in Resources */ = {isa = PBXBuildFile; fileRef = 9B4B3A9E24F382A900F67A2D /* Assets.xcassets */; };
		9B4B3AA224F382A900F67A2D /* LaunchScreen.storyboard in Resources */ = {isa = PBXBuildFile; fileRef = 9B4B3AA024F382A900F67A2D /* LaunchScreen.storyboard */; };
		9B4B3AA524F382A900F67A2D /* main.m in Sources */ = {isa = PBXBuildFile; fileRef = 9B4B3AA424F382A900F67A2D /* main.m */; };
		9B4B3ABA24F39BA800F67A2D /* ServerAPI.m in Sources */ = {isa = PBXBuildFile; fileRef = 9B4B3AB924F39BA800F67A2D /* ServerAPI.m */; };
		9B4B3ABE24F3B8C300F67A2D /* Book.m in Sources */ = {isa = PBXBuildFile; fileRef = 9B4B3ABD24F3B8C300F67A2D /* Book.m */; };
		9B4B3AC124F3C35400F67A2D /* BookSearchPage.m in Sources */ = {isa = PBXBuildFile; fileRef = 9B4B3AC024F3C35400F67A2D /* BookSearchPage.m */; };
		9B4B3AC624F3E44800F67A2D /* BookViewModel.m in Sources */ = {isa = PBXBuildFile; fileRef = 9B4B3AC524F3E44800F67A2D /* BookViewModel.m */; };
		9B4B3AC924F3E61700F67A2D /* BookParser.m in Sources */ = {isa = PBXBuildFile; fileRef = 9B4B3AC824F3E61700F67A2D /* BookParser.m */; };
		9B4B3ACB24F3E7B300F67A2D /* BookDisplay.m in Sources */ = {isa = PBXBuildFile; fileRef = 9B4B3ACA24F3E7B300F67A2D /* BookDisplay.m */; };
		9B4B3ACF24F3EEAE00F67A2D /* BookTableViewCell.m in Sources */ = {isa = PBXBuildFile; fileRef = 9B4B3ACD24F3EEAE00F67A2D /* BookTableViewCell.m */; };
		9B4B3AD324F4108600F67A2D /* SearchResultPage.m in Sources */ = {isa = PBXBuildFile; fileRef = 9B4B3AD224F4108600F67A2D /* SearchResultPage.m */; };
		9B4B3ADB24F4EF0B00F67A2D /* SearchResultCell.m in Sources */ = {isa = PBXBuildFile; fileRef = 9B4B3AD924F4EF0B00F67A2D /* SearchResultCell.m */; };
		9B4B3ADC24F4EF0B00F67A2D /* SearchResultCell.xib in Resources */ = {isa = PBXBuildFile; fileRef = 9B4B3ADA24F4EF0B00F67A2D /* SearchResultCell.xib */; };
		9B4B3AE024F4F0EC00F67A2D /* Functions.m in Sources */ = {isa = PBXBuildFile; fileRef = 9B4B3ADF24F4F0EC00F67A2D /* Functions.m */; };
		9B4B3AE524F64EB700F67A2D /* SearchResultBookCell.m in Sources */ = {isa = PBXBuildFile; fileRef = 9B4B3AE324F64EB700F67A2D /* SearchResultBookCell.m */; };
		9B4B3AE624F64EB700F67A2D /* SearchResultBookCell.xib in Resources */ = {isa = PBXBuildFile; fileRef = 9B4B3AE424F64EB700F67A2D /* SearchResultBookCell.xib */; };
		9B4B3AE924F78BBE00F67A2D /* BookDetailPage.m in Sources */ = {isa = PBXBuildFile; fileRef = 9B4B3AE824F78BBE00F67A2D /* BookDetailPage.m */; };
		9B4B3AEC24F78C1500F67A2D /* BookDetail.m in Sources */ = {isa = PBXBuildFile; fileRef = 9B4B3AEB24F78C1500F67A2D /* BookDetail.m */; };
		9B4B3AEF24F78FF100F67A2D /* BookDetailDisplay.m in Sources */ = {isa = PBXBuildFile; fileRef = 9B4B3AEE24F78FF100F67A2D /* BookDetailDisplay.m */; };
		9B4B3AF224F793B900F67A2D /* BookDetailViewModel.m in Sources */ = {isa = PBXBuildFile; fileRef = 9B4B3AF124F793B900F67A2D /* BookDetailViewModel.m */; };
		9B4B3AF524F7EC4600F67A2D /* BookDetailSummayCell.m in Sources */ = {isa = PBXBuildFile; fileRef = 9B4B3AF424F7EC4600F67A2D /* BookDetailSummayCell.m */; };
		9B4B3AF824F7EC5700F67A2D /* BookDetailDescCell.m in Sources */ = {isa = PBXBuildFile; fileRef = 9B4B3AF724F7EC5700F67A2D /* BookDetailDescCell.m */; };
		9B84F87A24FD0CC100E43B3A /* MemoPage.m in Sources */ = {isa = PBXBuildFile; fileRef = 9B84F87924FD0CC100E43B3A /* MemoPage.m */; };
		9B84F8BB24FD839300E43B3A /* BookSearchTests.m in Sources */ = {isa = PBXBuildFile; fileRef = 9B84F8BA24FD839300E43B3A /* BookSearchTests.m */; };
		9BFCC36F24FA6585005912C3 /* SearchTextViewModel.m in Sources */ = {isa = PBXBuildFile; fileRef = 9BFCC36E24FA6585005912C3 /* SearchTextViewModel.m */; };
		9BFCC37224FA65EE005912C3 /* SearchTextDisplay.m in Sources */ = {isa = PBXBuildFile; fileRef = 9BFCC37124FA65EE005912C3 /* SearchTextDisplay.m */; };
		9BFCC37524FA660E005912C3 /* SearchText.m in Sources */ = {isa = PBXBuildFile; fileRef = 9BFCC37424FA660E005912C3 /* SearchText.m */; };
		9BFCC37824FAC9D8005912C3 /* BookCache.m in Sources */ = {isa = PBXBuildFile; fileRef = 9BFCC37724FAC9D8005912C3 /* BookCache.m */; };
		9BFCC37B24FAD538005912C3 /* NSCache+Instance.m in Sources */ = {isa = PBXBuildFile; fileRef = 9BFCC37A24FAD538005912C3 /* NSCache+Instance.m */; };
/* End PBXBuildFile section */

/* Begin PBXContainerItemProxy section */
		9B84F8BD24FD839300E43B3A /* PBXContainerItemProxy */ = {
			isa = PBXContainerItemProxy;
			containerPortal = 9B4B3A8724F382A500F67A2D /* Project object */;
			proxyType = 1;
			remoteGlobalIDString = 9B4B3A8E24F382A500F67A2D;
			remoteInfo = BookSearch;
		};
/* End PBXContainerItemProxy section */

/* Begin PBXFileReference section */
		9B4B3A8F24F382A500F67A2D /* BookSearch.app */ = {isa = PBXFileReference; explicitFileType = wrapper.application; includeInIndex = 0; path = BookSearch.app; sourceTree = BUILT_PRODUCTS_DIR; };
		9B4B3A9224F382A500F67A2D /* AppDelegate.h */ = {isa = PBXFileReference; lastKnownFileType = sourcecode.c.h; path = AppDelegate.h; sourceTree = "<group>"; };
		9B4B3A9324F382A500F67A2D /* AppDelegate.m */ = {isa = PBXFileReference; lastKnownFileType = sourcecode.c.objc; path = AppDelegate.m; sourceTree = "<group>"; };
		9B4B3A9C24F382A500F67A2D /* Base */ = {isa = PBXFileReference; lastKnownFileType = file.storyboard; name = Base; path = Base.lproj/Main.storyboard; sourceTree = "<group>"; };
		9B4B3A9E24F382A900F67A2D /* Assets.xcassets */ = {isa = PBXFileReference; lastKnownFileType = folder.assetcatalog; path = Assets.xcassets; sourceTree = "<group>"; };
		9B4B3AA124F382A900F67A2D /* Base */ = {isa = PBXFileReference; lastKnownFileType = file.storyboard; name = Base; path = Base.lproj/LaunchScreen.storyboard; sourceTree = "<group>"; };
		9B4B3AA324F382A900F67A2D /* Info.plist */ = {isa = PBXFileReference; lastKnownFileType = text.plist.xml; path = Info.plist; sourceTree = "<group>"; };
		9B4B3AA424F382A900F67A2D /* main.m */ = {isa = PBXFileReference; lastKnownFileType = sourcecode.c.objc; path = main.m; sourceTree = "<group>"; };
		9B4B3AB924F39BA800F67A2D /* ServerAPI.m */ = {isa = PBXFileReference; lastKnownFileType = sourcecode.c.objc; path = ServerAPI.m; sourceTree = "<group>"; };
		9B4B3ABB24F39BB500F67A2D /* ServerAPI.h */ = {isa = PBXFileReference; lastKnownFileType = sourcecode.c.h; path = ServerAPI.h; sourceTree = "<group>"; };
		9B4B3ABC24F3B7E900F67A2D /* Book.h */ = {isa = PBXFileReference; lastKnownFileType = sourcecode.c.h; path = Book.h; sourceTree = "<group>"; };
		9B4B3ABD24F3B8C300F67A2D /* Book.m */ = {isa = PBXFileReference; lastKnownFileType = sourcecode.c.objc; path = Book.m; sourceTree = "<group>"; };
		9B4B3ABF24F3C35400F67A2D /* BookSearchPage.h */ = {isa = PBXFileReference; lastKnownFileType = sourcecode.c.h; path = BookSearchPage.h; sourceTree = "<group>"; };
		9B4B3AC024F3C35400F67A2D /* BookSearchPage.m */ = {isa = PBXFileReference; lastKnownFileType = sourcecode.c.objc; path = BookSearchPage.m; sourceTree = "<group>"; };
		9B4B3AC224F3DBD100F67A2D /* BookDelegate.h */ = {isa = PBXFileReference; lastKnownFileType = sourcecode.c.h; path = BookDelegate.h; sourceTree = "<group>"; };
		9B4B3AC324F3E38D00F67A2D /* BookDisplay.h */ = {isa = PBXFileReference; lastKnownFileType = sourcecode.c.h; path = BookDisplay.h; sourceTree = "<group>"; };
		9B4B3AC424F3E43500F67A2D /* BookViewModel.h */ = {isa = PBXFileReference; lastKnownFileType = sourcecode.c.h; path = BookViewModel.h; sourceTree = "<group>"; };
		9B4B3AC524F3E44800F67A2D /* BookViewModel.m */ = {isa = PBXFileReference; lastKnownFileType = sourcecode.c.objc; path = BookViewModel.m; sourceTree = "<group>"; };
		9B4B3AC724F3E60B00F67A2D /* BookParser.h */ = {isa = PBXFileReference; lastKnownFileType = sourcecode.c.h; path = BookParser.h; sourceTree = "<group>"; };
		9B4B3AC824F3E61700F67A2D /* BookParser.m */ = {isa = PBXFileReference; lastKnownFileType = sourcecode.c.objc; path = BookParser.m; sourceTree = "<group>"; };
		9B4B3ACA24F3E7B300F67A2D /* BookDisplay.m */ = {isa = PBXFileReference; lastKnownFileType = sourcecode.c.objc; path = BookDisplay.m; sourceTree = "<group>"; };
		9B4B3ACC24F3EEAE00F67A2D /* BookTableViewCell.h */ = {isa = PBXFileReference; lastKnownFileType = sourcecode.c.h; path = BookTableViewCell.h; sourceTree = "<group>"; };
		9B4B3ACD24F3EEAE00F67A2D /* BookTableViewCell.m */ = {isa = PBXFileReference; lastKnownFileType = sourcecode.c.objc; path = BookTableViewCell.m; sourceTree = "<group>"; };
		9B4B3AD124F4108600F67A2D /* SearchResultPage.h */ = {isa = PBXFileReference; lastKnownFileType = sourcecode.c.h; path = SearchResultPage.h; sourceTree = "<group>"; };
		9B4B3AD224F4108600F67A2D /* SearchResultPage.m */ = {isa = PBXFileReference; lastKnownFileType = sourcecode.c.objc; path = SearchResultPage.m; sourceTree = "<group>"; };
		9B4B3AD824F4EF0B00F67A2D /* SearchResultCell.h */ = {isa = PBXFileReference; lastKnownFileType = sourcecode.c.h; path = SearchResultCell.h; sourceTree = "<group>"; };
		9B4B3AD924F4EF0B00F67A2D /* SearchResultCell.m */ = {isa = PBXFileReference; lastKnownFileType = sourcecode.c.objc; path = SearchResultCell.m; sourceTree = "<group>"; };
		9B4B3ADA24F4EF0B00F67A2D /* SearchResultCell.xib */ = {isa = PBXFileReference; lastKnownFileType = file.xib; path = SearchResultCell.xib; sourceTree = "<group>"; };
		9B4B3ADE24F4F0E300F67A2D /* Functions.h */ = {isa = PBXFileReference; lastKnownFileType = sourcecode.c.h; path = Functions.h; sourceTree = "<group>"; };
		9B4B3ADF24F4F0EC00F67A2D /* Functions.m */ = {isa = PBXFileReference; lastKnownFileType = sourcecode.c.objc; path = Functions.m; sourceTree = "<group>"; };
		9B4B3AE224F64EB700F67A2D /* SearchResultBookCell.h */ = {isa = PBXFileReference; lastKnownFileType = sourcecode.c.h; path = SearchResultBookCell.h; sourceTree = "<group>"; };
		9B4B3AE324F64EB700F67A2D /* SearchResultBookCell.m */ = {isa = PBXFileReference; lastKnownFileType = sourcecode.c.objc; path = SearchResultBookCell.m; sourceTree = "<group>"; };
		9B4B3AE424F64EB700F67A2D /* SearchResultBookCell.xib */ = {isa = PBXFileReference; lastKnownFileType = file.xib; path = SearchResultBookCell.xib; sourceTree = "<group>"; };
		9B4B3AE724F78BBE00F67A2D /* BookDetailPage.h */ = {isa = PBXFileReference; lastKnownFileType = sourcecode.c.h; path = BookDetailPage.h; sourceTree = "<group>"; };
		9B4B3AE824F78BBE00F67A2D /* BookDetailPage.m */ = {isa = PBXFileReference; lastKnownFileType = sourcecode.c.objc; path = BookDetailPage.m; sourceTree = "<group>"; };
		9B4B3AEA24F78C0A00F67A2D /* BookDetail.h */ = {isa = PBXFileReference; lastKnownFileType = sourcecode.c.h; path = BookDetail.h; sourceTree = "<group>"; };
		9B4B3AEB24F78C1500F67A2D /* BookDetail.m */ = {isa = PBXFileReference; lastKnownFileType = sourcecode.c.objc; path = BookDetail.m; sourceTree = "<group>"; };
		9B4B3AED24F78FE100F67A2D /* BookDetailDisplay.h */ = {isa = PBXFileReference; lastKnownFileType = sourcecode.c.h; path = BookDetailDisplay.h; sourceTree = "<group>"; };
		9B4B3AEE24F78FF100F67A2D /* BookDetailDisplay.m */ = {isa = PBXFileReference; lastKnownFileType = sourcecode.c.objc; path = BookDetailDisplay.m; sourceTree = "<group>"; };
		9B4B3AF024F793AE00F67A2D /* BookDetailViewModel.h */ = {isa = PBXFileReference; lastKnownFileType = sourcecode.c.h; path = BookDetailViewModel.h; sourceTree = "<group>"; };
		9B4B3AF124F793B900F67A2D /* BookDetailViewModel.m */ = {isa = PBXFileReference; lastKnownFileType = sourcecode.c.objc; path = BookDetailViewModel.m; sourceTree = "<group>"; };
		9B4B3AF324F7EC4600F67A2D /* BookDetailSummayCell.h */ = {isa = PBXFileReference; lastKnownFileType = sourcecode.c.h; path = BookDetailSummayCell.h; sourceTree = "<group>"; };
		9B4B3AF424F7EC4600F67A2D /* BookDetailSummayCell.m */ = {isa = PBXFileReference; lastKnownFileType = sourcecode.c.objc; path = BookDetailSummayCell.m; sourceTree = "<group>"; };
		9B4B3AF624F7EC5700F67A2D /* BookDetailDescCell.h */ = {isa = PBXFileReference; lastKnownFileType = sourcecode.c.h; path = BookDetailDescCell.h; sourceTree = "<group>"; };
		9B4B3AF724F7EC5700F67A2D /* BookDetailDescCell.m */ = {isa = PBXFileReference; lastKnownFileType = sourcecode.c.objc; path = BookDetailDescCell.m; sourceTree = "<group>"; };
		9B84F87824FD0CC100E43B3A /* MemoPage.h */ = {isa = PBXFileReference; lastKnownFileType = sourcecode.c.h; path = MemoPage.h; sourceTree = "<group>"; };
		9B84F87924FD0CC100E43B3A /* MemoPage.m */ = {isa = PBXFileReference; lastKnownFileType = sourcecode.c.objc; path = MemoPage.m; sourceTree = "<group>"; };
		9B84F8B824FD839300E43B3A /* BookSearchTests.xctest */ = {isa = PBXFileReference; explicitFileType = wrapper.cfbundle; includeInIndex = 0; path = BookSearchTests.xctest; sourceTree = BUILT_PRODUCTS_DIR; };
		9B84F8BA24FD839300E43B3A /* BookSearchTests.m */ = {isa = PBXFileReference; lastKnownFileType = sourcecode.c.objc; path = BookSearchTests.m; sourceTree = "<group>"; };
		9B84F8BC24FD839300E43B3A /* Info.plist */ = {isa = PBXFileReference; lastKnownFileType = text.plist.xml; path = Info.plist; sourceTree = "<group>"; };
		9BFCC36D24FA6585005912C3 /* SearchTextViewModel.h */ = {isa = PBXFileReference; lastKnownFileType = sourcecode.c.h; path = SearchTextViewModel.h; sourceTree = "<group>"; };
		9BFCC36E24FA6585005912C3 /* SearchTextViewModel.m */ = {isa = PBXFileReference; lastKnownFileType = sourcecode.c.objc; path = SearchTextViewModel.m; sourceTree = "<group>"; };
		9BFCC37024FA65EE005912C3 /* SearchTextDisplay.h */ = {isa = PBXFileReference; lastKnownFileType = sourcecode.c.h; path = SearchTextDisplay.h; sourceTree = "<group>"; };
		9BFCC37124FA65EE005912C3 /* SearchTextDisplay.m */ = {isa = PBXFileReference; lastKnownFileType = sourcecode.c.objc; path = SearchTextDisplay.m; sourceTree = "<group>"; };
		9BFCC37324FA660E005912C3 /* SearchText.h */ = {isa = PBXFileReference; lastKnownFileType = sourcecode.c.h; path = SearchText.h; sourceTree = "<group>"; };
		9BFCC37424FA660E005912C3 /* SearchText.m */ = {isa = PBXFileReference; lastKnownFileType = sourcecode.c.objc; path = SearchText.m; sourceTree = "<group>"; };
		9BFCC37624FAC9D8005912C3 /* BookCache.h */ = {isa = PBXFileReference; lastKnownFileType = sourcecode.c.h; path = BookCache.h; sourceTree = "<group>"; };
		9BFCC37724FAC9D8005912C3 /* BookCache.m */ = {isa = PBXFileReference; lastKnownFileType = sourcecode.c.objc; path = BookCache.m; sourceTree = "<group>"; };
		9BFCC37924FAD538005912C3 /* NSCache+Instance.h */ = {isa = PBXFileReference; lastKnownFileType = sourcecode.c.h; path = "NSCache+Instance.h"; sourceTree = "<group>"; };
		9BFCC37A24FAD538005912C3 /* NSCache+Instance.m */ = {isa = PBXFileReference; lastKnownFileType = sourcecode.c.objc; path = "NSCache+Instance.m"; sourceTree = "<group>"; };
/* End PBXFileReference section */

/* Begin PBXFrameworksBuildPhase section */
		9B4B3A8C24F382A500F67A2D /* Frameworks */ = {
			isa = PBXFrameworksBuildPhase;
			buildActionMask = 2147483647;
			files = (
			);
			runOnlyForDeploymentPostprocessing = 0;
		};
		9B84F8B524FD839300E43B3A /* Frameworks */ = {
			isa = PBXFrameworksBuildPhase;
			buildActionMask = 2147483647;
			files = (
			);
			runOnlyForDeploymentPostprocessing = 0;
		};
/* End PBXFrameworksBuildPhase section */

/* Begin PBXGroup section */
		9B4B3A8624F382A500F67A2D = {
			isa = PBXGroup;
			children = (
				9B4B3A9124F382A500F67A2D /* BookSearch */,
				9B84F8B924FD839300E43B3A /* BookSearchTests */,
				9B4B3A9024F382A500F67A2D /* Products */,
			);
			sourceTree = "<group>";
		};
		9B4B3A9024F382A500F67A2D /* Products */ = {
			isa = PBXGroup;
			children = (
				9B4B3A8F24F382A500F67A2D /* BookSearch.app */,
				9B84F8B824FD839300E43B3A /* BookSearchTests.xctest */,
			);
			name = Products;
			sourceTree = "<group>";
		};
		9B4B3A9124F382A500F67A2D /* BookSearch */ = {
			isa = PBXGroup;
			children = (
				9B4B3ADD24F4F0C900F67A2D /* Utils */,
				9B4B3AAD24F3961500F67A2D /* Models */,
				9B4B3AAB24F395FE00F67A2D /* Views */,
				9B4B3AAE24F3962200F67A2D /* ViewModels */,
				9B4B3AAC24F3960A00F67A2D /* Services */,
				9B4B3A9224F382A500F67A2D /* AppDelegate.h */,
				9B4B3A9324F382A500F67A2D /* AppDelegate.m */,
				9B4B3A9B24F382A500F67A2D /* Main.storyboard */,
				9B4B3A9E24F382A900F67A2D /* Assets.xcassets */,
				9B4B3AA024F382A900F67A2D /* LaunchScreen.storyboard */,
				9B4B3AA324F382A900F67A2D /* Info.plist */,
				9B4B3AA424F382A900F67A2D /* main.m */,
			);
			path = BookSearch;
			sourceTree = "<group>";
		};
		9B4B3AAB24F395FE00F67A2D /* Views */ = {
			isa = PBXGroup;
			children = (
				9B4B3AD424F4109000F67A2D /* SearchCells */,
				9B4B3ABF24F3C35400F67A2D /* BookSearchPage.h */,
				9B4B3AC024F3C35400F67A2D /* BookSearchPage.m */,
				9B4B3AD124F4108600F67A2D /* SearchResultPage.h */,
				9B4B3AD224F4108600F67A2D /* SearchResultPage.m */,
				9B4B3AE724F78BBE00F67A2D /* BookDetailPage.h */,
				9B4B3AE824F78BBE00F67A2D /* BookDetailPage.m */,
				9B84F87824FD0CC100E43B3A /* MemoPage.h */,
				9B84F87924FD0CC100E43B3A /* MemoPage.m */,
			);
			path = Views;
			sourceTree = "<group>";
		};
		9B4B3AAC24F3960A00F67A2D /* Services */ = {
			isa = PBXGroup;
			children = (
				9B4B3AC224F3DBD100F67A2D /* BookDelegate.h */,
				9B4B3ABB24F39BB500F67A2D /* ServerAPI.h */,
				9B4B3AB924F39BA800F67A2D /* ServerAPI.m */,
				9B4B3AC724F3E60B00F67A2D /* BookParser.h */,
				9B4B3AC824F3E61700F67A2D /* BookParser.m */,
				9BFCC37624FAC9D8005912C3 /* BookCache.h */,
				9BFCC37724FAC9D8005912C3 /* BookCache.m */,
			);
			path = Services;
			sourceTree = "<group>";
		};
		9B4B3AAD24F3961500F67A2D /* Models */ = {
			isa = PBXGroup;
			children = (
				9B4B3AC324F3E38D00F67A2D /* BookDisplay.h */,
				9B4B3ACA24F3E7B300F67A2D /* BookDisplay.m */,
				9B4B3ABC24F3B7E900F67A2D /* Book.h */,
				9B4B3ABD24F3B8C300F67A2D /* Book.m */,
				9B4B3AED24F78FE100F67A2D /* BookDetailDisplay.h */,
				9B4B3AEE24F78FF100F67A2D /* BookDetailDisplay.m */,
				9B4B3AEA24F78C0A00F67A2D /* BookDetail.h */,
				9B4B3AEB24F78C1500F67A2D /* BookDetail.m */,
				9BFCC37024FA65EE005912C3 /* SearchTextDisplay.h */,
				9BFCC37124FA65EE005912C3 /* SearchTextDisplay.m */,
				9BFCC37324FA660E005912C3 /* SearchText.h */,
				9BFCC37424FA660E005912C3 /* SearchText.m */,
			);
			path = Models;
			sourceTree = "<group>";
		};
		9B4B3AAE24F3962200F67A2D /* ViewModels */ = {
			isa = PBXGroup;
			children = (
				9B4B3AC424F3E43500F67A2D /* BookViewModel.h */,
				9B4B3AC524F3E44800F67A2D /* BookViewModel.m */,
				9B4B3AF024F793AE00F67A2D /* BookDetailViewModel.h */,
				9B4B3AF124F793B900F67A2D /* BookDetailViewModel.m */,
				9BFCC36D24FA6585005912C3 /* SearchTextViewModel.h */,
				9BFCC36E24FA6585005912C3 /* SearchTextViewModel.m */,
			);
			path = ViewModels;
			sourceTree = "<group>";
		};
		9B4B3AD424F4109000F67A2D /* SearchCells */ = {
			isa = PBXGroup;
			children = (
				9B4B3ACC24F3EEAE00F67A2D /* BookTableViewCell.h */,
				9B4B3ACD24F3EEAE00F67A2D /* BookTableViewCell.m */,
				9B4B3AD824F4EF0B00F67A2D /* SearchResultCell.h */,
				9B4B3AD924F4EF0B00F67A2D /* SearchResultCell.m */,
				9B4B3ADA24F4EF0B00F67A2D /* SearchResultCell.xib */,
				9B4B3AE224F64EB700F67A2D /* SearchResultBookCell.h */,
				9B4B3AE324F64EB700F67A2D /* SearchResultBookCell.m */,
				9B4B3AE424F64EB700F67A2D /* SearchResultBookCell.xib */,
				9B4B3AF324F7EC4600F67A2D /* BookDetailSummayCell.h */,
				9B4B3AF424F7EC4600F67A2D /* BookDetailSummayCell.m */,
				9B4B3AF624F7EC5700F67A2D /* BookDetailDescCell.h */,
				9B4B3AF724F7EC5700F67A2D /* BookDetailDescCell.m */,
			);
			path = SearchCells;
			sourceTree = "<group>";
		};
		9B4B3ADD24F4F0C900F67A2D /* Utils */ = {
			isa = PBXGroup;
			children = (
				9B4B3ADE24F4F0E300F67A2D /* Functions.h */,
				9B4B3ADF24F4F0EC00F67A2D /* Functions.m */,
				9BFCC37924FAD538005912C3 /* NSCache+Instance.h */,
				9BFCC37A24FAD538005912C3 /* NSCache+Instance.m */,
			);
			path = Utils;
			sourceTree = "<group>";
		};
		9B84F8B924FD839300E43B3A /* BookSearchTests */ = {
			isa = PBXGroup;
			children = (
				9B84F8BA24FD839300E43B3A /* BookSearchTests.m */,
				9B84F8BC24FD839300E43B3A /* Info.plist */,
			);
			path = BookSearchTests;
			sourceTree = "<group>";
		};
/* End PBXGroup section */

/* Begin PBXNativeTarget section */
		9B4B3A8E24F382A500F67A2D /* BookSearch */ = {
			isa = PBXNativeTarget;
			buildConfigurationList = 9B4B3AA824F382A900F67A2D /* Build configuration list for PBXNativeTarget "BookSearch" */;
			buildPhases = (
				9B4B3A8B24F382A500F67A2D /* Sources */,
				9B4B3A8C24F382A500F67A2D /* Frameworks */,
				9B4B3A8D24F382A500F67A2D /* Resources */,
			);
			buildRules = (
			);
			dependencies = (
			);
			name = BookSearch;
			productName = BookSearch;
			productReference = 9B4B3A8F24F382A500F67A2D /* BookSearch.app */;
			productType = "com.apple.product-type.application";
		};
		9B84F8B724FD839300E43B3A /* BookSearchTests */ = {
			isa = PBXNativeTarget;
			buildConfigurationList = 9B84F8BF24FD839300E43B3A /* Build configuration list for PBXNativeTarget "BookSearchTests" */;
			buildPhases = (
				9B84F8B424FD839300E43B3A /* Sources */,
				9B84F8B524FD839300E43B3A /* Frameworks */,
				9B84F8B624FD839300E43B3A /* Resources */,
			);
			buildRules = (
			);
			dependencies = (
				9B84F8BE24FD839300E43B3A /* PBXTargetDependency */,
			);
			name = BookSearchTests;
			productName = BookSearchTests;
			productReference = 9B84F8B824FD839300E43B3A /* BookSearchTests.xctest */;
			productType = "com.apple.product-type.bundle.unit-test";
		};
/* End PBXNativeTarget section */

/* Begin PBXProject section */
		9B4B3A8724F382A500F67A2D /* Project object */ = {
			isa = PBXProject;
			attributes = {
				LastSwiftUpdateCheck = 1160;
				LastUpgradeCheck = 1160;
				ORGANIZATIONNAME = "JINKI BAE";
				TargetAttributes = {
					9B4B3A8E24F382A500F67A2D = {
						CreatedOnToolsVersion = 11.6;
					};
					9B84F8B724FD839300E43B3A = {
						CreatedOnToolsVersion = 11.6;
						TestTargetID = 9B4B3A8E24F382A500F67A2D;
					};
				};
			};
			buildConfigurationList = 9B4B3A8A24F382A500F67A2D /* Build configuration list for PBXProject "BookSearch" */;
			compatibilityVersion = "Xcode 9.3";
			developmentRegion = en;
			hasScannedForEncodings = 0;
			knownRegions = (
				en,
				Base,
			);
			mainGroup = 9B4B3A8624F382A500F67A2D;
			productRefGroup = 9B4B3A9024F382A500F67A2D /* Products */;
			projectDirPath = "";
			projectRoot = "";
			targets = (
				9B4B3A8E24F382A500F67A2D /* BookSearch */,
				9B84F8B724FD839300E43B3A /* BookSearchTests */,
			);
		};
/* End PBXProject section */

/* Begin PBXResourcesBuildPhase section */
		9B4B3A8D24F382A500F67A2D /* Resources */ = {
			isa = PBXResourcesBuildPhase;
			buildActionMask = 2147483647;
			files = (
				9B4B3AA224F382A900F67A2D /* LaunchScreen.storyboard in Resources */,
				9B4B3A9F24F382A900F67A2D /* Assets.xcassets in Resources */,
				9B4B3ADC24F4EF0B00F67A2D /* SearchResultCell.xib in Resources */,
				9B4B3AE624F64EB700F67A2D /* SearchResultBookCell.xib in Resources */,
				9B4B3A9D24F382A500F67A2D /* Main.storyboard in Resources */,
			);
			runOnlyForDeploymentPostprocessing = 0;
		};
		9B84F8B624FD839300E43B3A /* Resources */ = {
			isa = PBXResourcesBuildPhase;
			buildActionMask = 2147483647;
			files = (
			);
			runOnlyForDeploymentPostprocessing = 0;
		};
/* End PBXResourcesBuildPhase section */

/* Begin PBXSourcesBuildPhase section */
		9B4B3A8B24F382A500F67A2D /* Sources */ = {
			isa = PBXSourcesBuildPhase;
			buildActionMask = 2147483647;
			files = (
				9B4B3AC124F3C35400F67A2D /* BookSearchPage.m in Sources */,
				9B4B3ACB24F3E7B300F67A2D /* BookDisplay.m in Sources */,
				9BFCC37B24FAD538005912C3 /* NSCache+Instance.m in Sources */,
				9BFCC37824FAC9D8005912C3 /* BookCache.m in Sources */,
				9B4B3AEF24F78FF100F67A2D /* BookDetailDisplay.m in Sources */,
				9B4B3AF524F7EC4600F67A2D /* BookDetailSummayCell.m in Sources */,
				9BFCC37524FA660E005912C3 /* SearchText.m in Sources */,
				9B4B3AC624F3E44800F67A2D /* BookViewModel.m in Sources */,
				9B4B3AE024F4F0EC00F67A2D /* Functions.m in Sources */,
				9B4B3AC924F3E61700F67A2D /* BookParser.m in Sources */,
				9B4B3ABE24F3B8C300F67A2D /* Book.m in Sources */,
				9B4B3ADB24F4EF0B00F67A2D /* SearchResultCell.m in Sources */,
				9B4B3A9424F382A500F67A2D /* AppDelegate.m in Sources */,
				9BFCC37224FA65EE005912C3 /* SearchTextDisplay.m in Sources */,
				9B84F87A24FD0CC100E43B3A /* MemoPage.m in Sources */,
				9B4B3AE524F64EB700F67A2D /* SearchResultBookCell.m in Sources */,
				9B4B3AA524F382A900F67A2D /* main.m in Sources */,
				9B4B3AE924F78BBE00F67A2D /* BookDetailPage.m in Sources */,
				9B4B3AD324F4108600F67A2D /* SearchResultPage.m in Sources */,
				9B4B3ACF24F3EEAE00F67A2D /* BookTableViewCell.m in Sources */,
				9B4B3ABA24F39BA800F67A2D /* ServerAPI.m in Sources */,
				9B4B3AEC24F78C1500F67A2D /* BookDetail.m in Sources */,
				9B4B3AF224F793B900F67A2D /* BookDetailViewModel.m in Sources */,
				9B4B3AF824F7EC5700F67A2D /* BookDetailDescCell.m in Sources */,
				9BFCC36F24FA6585005912C3 /* SearchTextViewModel.m in Sources */,
			);
			runOnlyForDeploymentPostprocessing = 0;
		};
		9B84F8B424FD839300E43B3A /* Sources */ = {
			isa = PBXSourcesBuildPhase;
			buildActionMask = 2147483647;
			files = (
				9B84F8BB24FD839300E43B3A /* BookSearchTests.m in Sources */,
			);
			runOnlyForDeploymentPostprocessing = 0;
		};
/* End PBXSourcesBuildPhase section */

/* Begin PBXTargetDependency section */
		9B84F8BE24FD839300E43B3A /* PBXTargetDependency */ = {
			isa = PBXTargetDependency;
			target = 9B4B3A8E24F382A500F67A2D /* BookSearch */;
			targetProxy = 9B84F8BD24FD839300E43B3A /* PBXContainerItemProxy */;
		};
/* End PBXTargetDependency section */

/* Begin PBXVariantGroup section */
		9B4B3A9B24F382A500F67A2D /* Main.storyboard */ = {
			isa = PBXVariantGroup;
			children = (
				9B4B3A9C24F382A500F67A2D /* Base */,
			);
			name = Main.storyboard;
			sourceTree = "<group>";
		};
		9B4B3AA024F382A900F67A2D /* LaunchScreen.storyboard */ = {
			isa = PBXVariantGroup;
			children = (
				9B4B3AA124F382A900F67A2D /* Base */,
			);
			name = LaunchScreen.storyboard;
			sourceTree = "<group>";
		};
/* End PBXVariantGroup section */

/* Begin XCBuildConfiguration section */
		9B4B3AA624F382A900F67A2D /* Debug */ = {
			isa = XCBuildConfiguration;
			buildSettings = {
				ALWAYS_SEARCH_USER_PATHS = NO;
				CLANG_ANALYZER_NONNULL = YES;
				CLANG_ANALYZER_NUMBER_OBJECT_CONVERSION = YES_AGGRESSIVE;
				CLANG_CXX_LANGUAGE_STANDARD = "gnu++14";
				CLANG_CXX_LIBRARY = "libc++";
				CLANG_ENABLE_MODULES = YES;
				CLANG_ENABLE_OBJC_ARC = YES;
				CLANG_ENABLE_OBJC_WEAK = YES;
				CLANG_WARN_BLOCK_CAPTURE_AUTORELEASING = YES;
				CLANG_WARN_BOOL_CONVERSION = YES;
				CLANG_WARN_COMMA = YES;
				CLANG_WARN_CONSTANT_CONVERSION = YES;
				CLANG_WARN_DEPRECATED_OBJC_IMPLEMENTATIONS = YES;
				CLANG_WARN_DIRECT_OBJC_ISA_USAGE = YES_ERROR;
				CLANG_WARN_DOCUMENTATION_COMMENTS = YES;
				CLANG_WARN_EMPTY_BODY = YES;
				CLANG_WARN_ENUM_CONVERSION = YES;
				CLANG_WARN_INFINITE_RECURSION = YES;
				CLANG_WARN_INT_CONVERSION = YES;
				CLANG_WARN_NON_LITERAL_NULL_CONVERSION = YES;
				CLANG_WARN_OBJC_IMPLICIT_RETAIN_SELF = YES;
				CLANG_WARN_OBJC_LITERAL_CONVERSION = YES;
				CLANG_WARN_OBJC_ROOT_CLASS = YES_ERROR;
				CLANG_WARN_RANGE_LOOP_ANALYSIS = YES;
				CLANG_WARN_STRICT_PROTOTYPES = YES;
				CLANG_WARN_SUSPICIOUS_MOVE = YES;
				CLANG_WARN_UNGUARDED_AVAILABILITY = YES_AGGRESSIVE;
				CLANG_WARN_UNREACHABLE_CODE = YES;
				CLANG_WARN__DUPLICATE_METHOD_MATCH = YES;
				COPY_PHASE_STRIP = NO;
				DEBUG_INFORMATION_FORMAT = dwarf;
				ENABLE_STRICT_OBJC_MSGSEND = YES;
				ENABLE_TESTABILITY = YES;
				GCC_C_LANGUAGE_STANDARD = gnu11;
				GCC_DYNAMIC_NO_PIC = NO;
				GCC_NO_COMMON_BLOCKS = YES;
				GCC_OPTIMIZATION_LEVEL = 0;
				GCC_PREPROCESSOR_DEFINITIONS = (
					"DEBUG=1",
					"$(inherited)",
				);
				GCC_WARN_64_TO_32_BIT_CONVERSION = YES;
				GCC_WARN_ABOUT_RETURN_TYPE = YES_ERROR;
				GCC_WARN_UNDECLARED_SELECTOR = YES;
				GCC_WARN_UNINITIALIZED_AUTOS = YES_AGGRESSIVE;
				GCC_WARN_UNUSED_FUNCTION = YES;
				GCC_WARN_UNUSED_VARIABLE = YES;
				IPHONEOS_DEPLOYMENT_TARGET = 13.6;
				MTL_ENABLE_DEBUG_INFO = INCLUDE_SOURCE;
				MTL_FAST_MATH = YES;
				ONLY_ACTIVE_ARCH = YES;
				SDKROOT = iphoneos;
			};
			name = Debug;
		};
		9B4B3AA724F382A900F67A2D /* Release */ = {
			isa = XCBuildConfiguration;
			buildSettings = {
				ALWAYS_SEARCH_USER_PATHS = NO;
				CLANG_ANALYZER_NONNULL = YES;
				CLANG_ANALYZER_NUMBER_OBJECT_CONVERSION = YES_AGGRESSIVE;
				CLANG_CXX_LANGUAGE_STANDARD = "gnu++14";
				CLANG_CXX_LIBRARY = "libc++";
				CLANG_ENABLE_MODULES = YES;
				CLANG_ENABLE_OBJC_ARC = YES;
				CLANG_ENABLE_OBJC_WEAK = YES;
				CLANG_WARN_BLOCK_CAPTURE_AUTORELEASING = YES;
				CLANG_WARN_BOOL_CONVERSION = YES;
				CLANG_WARN_COMMA = YES;
				CLANG_WARN_CONSTANT_CONVERSION = YES;
				CLANG_WARN_DEPRECATED_OBJC_IMPLEMENTATIONS = YES;
				CLANG_WARN_DIRECT_OBJC_ISA_USAGE = YES_ERROR;
				CLANG_WARN_DOCUMENTATION_COMMENTS = YES;
				CLANG_WARN_EMPTY_BODY = YES;
				CLANG_WARN_ENUM_CONVERSION = YES;
				CLANG_WARN_INFINITE_RECURSION = YES;
				CLANG_WARN_INT_CONVERSION = YES;
				CLANG_WARN_NON_LITERAL_NULL_CONVERSION = YES;
				CLANG_WARN_OBJC_IMPLICIT_RETAIN_SELF = YES;
				CLANG_WARN_OBJC_LITERAL_CONVERSION = YES;
				CLANG_WARN_OBJC_ROOT_CLASS = YES_ERROR;
				CLANG_WARN_RANGE_LOOP_ANALYSIS = YES;
				CLANG_WARN_STRICT_PROTOTYPES = YES;
				CLANG_WARN_SUSPICIOUS_MOVE = YES;
				CLANG_WARN_UNGUARDED_AVAILABILITY = YES_AGGRESSIVE;
				CLANG_WARN_UNREACHABLE_CODE = YES;
				CLANG_WARN__DUPLICATE_METHOD_MATCH = YES;
				COPY_PHASE_STRIP = NO;
				DEBUG_INFORMATION_FORMAT = "dwarf-with-dsym";
				ENABLE_NS_ASSERTIONS = NO;
				ENABLE_STRICT_OBJC_MSGSEND = YES;
				GCC_C_LANGUAGE_STANDARD = gnu11;
				GCC_NO_COMMON_BLOCKS = YES;
				GCC_WARN_64_TO_32_BIT_CONVERSION = YES;
				GCC_WARN_ABOUT_RETURN_TYPE = YES_ERROR;
				GCC_WARN_UNDECLARED_SELECTOR = YES;
				GCC_WARN_UNINITIALIZED_AUTOS = YES_AGGRESSIVE;
				GCC_WARN_UNUSED_FUNCTION = YES;
				GCC_WARN_UNUSED_VARIABLE = YES;
				IPHONEOS_DEPLOYMENT_TARGET = 13.6;
				MTL_ENABLE_DEBUG_INFO = NO;
				MTL_FAST_MATH = YES;
				SDKROOT = iphoneos;
				VALIDATE_PRODUCT = YES;
			};
			name = Release;
		};
		9B4B3AA924F382A900F67A2D /* Debug */ = {
			isa = XCBuildConfiguration;
			buildSettings = {
				ASSETCATALOG_COMPILER_APPICON_NAME = AppIcon;
				CODE_SIGN_STYLE = Automatic;
				DEVELOPMENT_TEAM = GY464QJ8B5;
				INFOPLIST_FILE = BookSearch/Info.plist;
				LD_RUNPATH_SEARCH_PATHS = (
					"$(inherited)",
					"@executable_path/Frameworks",
				);
				PRODUCT_BUNDLE_IDENTIFIER = com.example.BookSearch;
				PRODUCT_NAME = "$(TARGET_NAME)";
				TARGETED_DEVICE_FAMILY = "1,2";
			};
			name = Debug;
		};
		9B4B3AAA24F382A900F67A2D /* Release */ = {
			isa = XCBuildConfiguration;
			buildSettings = {
				ASSETCATALOG_COMPILER_APPICON_NAME = AppIcon;
				CODE_SIGN_STYLE = Automatic;
				DEVELOPMENT_TEAM = GY464QJ8B5;
				INFOPLIST_FILE = BookSearch/Info.plist;
				LD_RUNPATH_SEARCH_PATHS = (
					"$(inherited)",
					"@executable_path/Frameworks",
				);
				PRODUCT_BUNDLE_IDENTIFIER = com.example.BookSearch;
				PRODUCT_NAME = "$(TARGET_NAME)";
				TARGETED_DEVICE_FAMILY = "1,2";
			};
			name = Release;
		};
		9B84F8C024FD839300E43B3A /* Debug */ = {
			isa = XCBuildConfiguration;
			buildSettings = {
				BUNDLE_LOADER = "$(TEST_HOST)";
				CODE_SIGN_STYLE = Automatic;
				DEVELOPMENT_TEAM = GY464QJ8B5;
				INFOPLIST_FILE = BookSearchTests/Info.plist;
				LD_RUNPATH_SEARCH_PATHS = (
					"$(inherited)",
					"@executable_path/Frameworks",
					"@loader_path/Frameworks",
				);
				PRODUCT_BUNDLE_IDENTIFIER = com.example.BookSearchTests;
				PRODUCT_NAME = "$(TARGET_NAME)";
				TARGETED_DEVICE_FAMILY = "1,2";
				TEST_HOST = "$(BUILT_PRODUCTS_DIR)/BookSearch.app/BookSearch";
			};
			name = Debug;
		};
		9B84F8C124FD839300E43B3A /* Release */ = {
			isa = XCBuildConfiguration;
			buildSettings = {
				BUNDLE_LOADER = "$(TEST_HOST)";
				CODE_SIGN_STYLE = Automatic;
				DEVELOPMENT_TEAM = GY464QJ8B5;
				INFOPLIST_FILE = BookSearchTests/Info.plist;
				LD_RUNPATH_SEARCH_PATHS = (
					"$(inherited)",
					"@executable_path/Frameworks",
					"@loader_path/Frameworks",
				);
				PRODUCT_BUNDLE_IDENTIFIER = com.example.BookSearchTests;
				PRODUCT_NAME = "$(TARGET_NAME)";
				TARGETED_DEVICE_FAMILY = "1,2";
				TEST_HOST = "$(BUILT_PRODUCTS_DIR)/BookSearch.app/BookSearch";
			};
			name = Release;
		};
/* End XCBuildConfiguration section */

/* Begin XCConfigurationList section */
		9B4B3A8A24F382A500F67A2D /* Build configuration list for PBXProject "BookSearch" */ = {
			isa = XCConfigurationList;
			buildConfigurations = (
				9B4B3AA624F382A900F67A2D /* Debug */,
				9B4B3AA724F382A900F67A2D /* Release */,
			);
			defaultConfigurationIsVisible = 0;
			defaultConfigurationName = Release;
		};
		9B4B3AA824F382A900F67A2D /* Build configuration list for PBXNativeTarget "BookSearch" */ = {
			isa = XCConfigurationList;
			buildConfigurations = (
				9B4B3AA924F382A900F67A2D /* Debug */,
				9B4B3AAA24F382A900F67A2D /* Release */,
			);
			defaultConfigurationIsVisible = 0;
			defaultConfigurationName = Release;
		};
		9B84F8BF24FD839300E43B3A /* Build configuration list for PBXNativeTarget "BookSearchTests" */ = {
			isa = XCConfigurationList;
			buildConfigurations = (
				9B84F8C024FD839300E43B3A /* Debug */,
				9B84F8C124FD839300E43B3A /* Release */,
			);
			defaultConfigurationIsVisible = 0;
			defaultConfigurationName = Release;
		};
/* End XCConfigurationList section */
	};
	rootObject = 9B4B3A8724F382A500F67A2D /* Project object */;
}
